<Solution>
  <Folder Name="/src/">
    <Project Path="src/DotNetAgentSurface.CommandLine/DotNetAgentSurface.CommandLine.csproj" />
    <Project Path="src/DotNetAgentSurface.Core/DotNetAgentSurface.Core.csproj" />
    <Project Path="src/DotNetAgentSurface.AspNetCore/DotNetAgentSurface.AspNetCore.csproj" />
    <Project Path="src/DotNetAgentSurface.Mcp/DotNetAgentSurface.Mcp.csproj" />
    <Project Path="src/DotNetAgentSurface.Hangfire/DotNetAgentSurface.Hangfire.csproj" />
  </Folder>
  <Folder Name="/samples/">
    <Project Path="samples/DotNetAgentSurface.Samples.TaskTracker/DotNetAgentSurface.Samples.TaskTracker.csproj" />
    <Project Path="samples/DotNetAgentSurface.Samples.Cli/DotNetAgentSurface.Samples.Cli.csproj" />
    <Project Path="samples/DotNetAgentSurface.Samples.Mcp/DotNetAgentSurface.Samples.Mcp.csproj" />
    <Project Path="samples/DotNetAgentSurface.Samples.CliAndMcp/DotNetAgentSurface.Samples.CliAndMcp.csproj" />
    <Project Path="samples/DotNetAgentSurface.Samples.LegacyDesktop/DotNetAgentSurface.Samples.LegacyDesktop.csproj" />
    <Project Path="samples/DotNetAgentSurface.Samples.AspNetCore/DotNetAgentSurface.Samples.AspNetCore.csproj" />
    <Project Path="samples/DotNetAgentSurface.Samples.Hangfire/DotNetAgentSurface.Samples.Hangfire.csproj" />
  </Folder>
  <Folder Name="/tests/">
    <Project Path="tests/DotNetAgentSurface.CommandLine.Tests/DotNetAgentSurface.CommandLine.Tests.csproj" />
    <Project Path="tests/DotNetAgentSurface.Core.Tests/DotNetAgentSurface.Core.Tests.csproj" />
    <Project Path="tests/DotNetAgentSurface.AspNetCore.Tests/DotNetAgentSurface.AspNetCore.Tests.csproj" />
    <Project Path="tests/DotNetAgentSurface.Hangfire.Tests/DotNetAgentSurface.Hangfire.Tests.csproj" />
  </Folder>
</Solution>
